schema: '2.0'
stages:
  preprocess:
    cmd: python src/preprocess.py
    deps:
    - path: data/raw/data.csv
      hash: md5
      md5: d2e5ae01d94e8e633f00aec89e46301d
      size: 23841
    - path: src/preprocess.py
      hash: md5
      md5: 64bb98d62fa505677de7f040d664822d
      size: 469
    params:
      params.yaml:
        preprocess.input: data/raw/data.csv
        preprocess.output: data/processed/data.csv
    outs:
    - path: data/processed/data.csv
      hash: md5
      md5: d4aa97f19d57a39a23ce6f46eeb2b3a3
      size: 23162
  train:
    cmd: python src/train.py
    deps:
    - path: data/raw/data.csv
      hash: md5
      md5: d2e5ae01d94e8e633f00aec89e46301d
      size: 23841
    - path: src/train.py
      hash: md5
      md5: bd7b0cf15350398a39a52d161287b56e
      size: 3280
    params:
      params.yaml:
        train.data: data/raw/data.csv
        train.max_depth: 5
        train.model: models/model.pkl
        train.n_estimators: 100
        train.random_state: 42
    outs:
    - path: models/model.pkl
      hash: md5
      md5: d5da5dcdf688e508e74adc967ab65e62
      size: 789515
  evaluate:
    cmd: python src/evaluate.py
    deps:
    - path: data/raw/data.csv
      hash: md5
      md5: d2e5ae01d94e8e633f00aec89e46301d
      size: 23841
    - path: models/model.pkl
      hash: md5
      md5: d5da5dcdf688e508e74adc967ab65e62
      size: 789515
    - path: src/evaluate.py
      hash: md5
      md5: 220c48f69e47edb4838d75cbf1c9b93e
      size: 916
