schema: '2.0'
stages:
  preprocess:
    cmd: python src/preprocess.py
    deps:
    - path: data/raw/data.csv
      hash: md5
      md5: d2e5ae01d94e8e633f00aec89e46301d
      size: 23841
    - path: src/preprocess.py
      hash: md5
      md5: 64bb98d62fa505677de7f040d664822d
      size: 469
    params:
      params.yaml:
        preprocess.input: data/raw/data.csv
        preprocess.output: data/processed/data.csv
    outs:
    - path: data/processed/data.csv
      hash: md5
      md5: d4aa97f19d57a39a23ce6f46eeb2b3a3
      size: 23162
  train:
    cmd: python src/train.py
    deps:
    - path: data/raw/data.csv
      hash: md5
      md5: d2e5ae01d94e8e633f00aec89e46301d
      size: 23841
    - path: src/train.py
      hash: md5
      md5: 9c4239cba3fa66a185f472bb3caf3a03
      size: 3280
    params:
      params.yaml:
        train.data: data/raw/data.csv
        train.max_depth: 5
        train.model: models/model.pkl
        train.n_estimators: 100
        train.random_state: 42
    outs:
    - path: models/model.pkl
      hash: md5
      md5: a869bd46efba47f4c72efaeabdefd90e
      size: 1160660
  evaluate:
    cmd: python src/evaluate.py
    deps:
    - path: data/raw/data.csv
      hash: md5
      md5: d2e5ae01d94e8e633f00aec89e46301d
      size: 23841
    - path: models/model.pkl
      hash: md5
      md5: a869bd46efba47f4c72efaeabdefd90e
      size: 1160660
    - path: src/evaluate.py
      hash: md5
      md5: 5f114a0d8f505156f3eeb68df4b5207c
      size: 916
